
Microsoft Visual Studio Solution File, Format Version 12.00
# Visual Studio 15
VisualStudioVersion = 15.0.27130.2024
MinimumVisualStudioVersion = 10.0.40219.1
Project("{FAE04EC0-301F-11D3-BF4B-00C04F79EFBC}") = "SwipeLayoutXamarin", "SwipeLayoutXamarin\SwipeLayoutXamarin.csproj", "{E92C7393-316E-4D99-902F-4B3713257791}"
EndProject
Project("{FAE04EC0-301F-11D3-BF4B-00C04F79EFBC}") = "SwipeLayoutXamarinSample", "SwipeLayoutXamarinSample\SwipeLayoutXamarinSample.csproj", "{DE65BAC6-6D49-4A06-8B42-0103BF0B1419}"
EndProject
Global
	GlobalSection(SolutionConfigurationPlatforms) = preSolution
		Debug|Any CPU = Debug|Any CPU
		Release|Any CPU = Release|Any CPU
	EndGlobalSection
	GlobalSection(ProjectConfigurationPlatforms) = postSolution
		{E92C7393-316E-4D99-902F-4B3713257791}.Debug|Any CPU.ActiveCfg = Debug|Any CPU
		{E92C7393-316E-4D99-902F-4B3713257791}.Debug|Any CPU.Build.0 = Debug|Any CPU
		{E92C7393-316E-4D99-902F-4B3713257791}.Release|Any CPU.ActiveCfg = Release|Any CPU
		{E92C7393-316E-4D99-902F-4B3713257791}.Release|Any CPU.Build.0 = Release|Any CPU
		{DE65BAC6-6D49-4A06-8B42-0103BF0B1419}.Debug|Any CPU.ActiveCfg = Debug|Any CPU
		{DE65BAC6-6D49-4A06-8B42-0103BF0B1419}.Debug|Any CPU.Build.0 = Debug|Any CPU
		{DE65BAC6-6D49-4A06-8B42-0103BF0B1419}.Debug|Any CPU.Deploy.0 = Debug|Any CPU
		{DE65BAC6-6D49-4A06-8B42-0103BF0B1419}.Release|Any CPU.ActiveCfg = Release|Any CPU
		{DE65BAC6-6D49-4A06-8B42-0103BF0B1419}.Release|Any CPU.Build.0 = Release|Any CPU
		{DE65BAC6-6D49-4A06-8B42-0103BF0B1419}.Release|Any CPU.Deploy.0 = Release|Any CPU
	EndGlobalSection
	GlobalSection(SolutionProperties) = preSolution
		HideSolutionNode = FALSE
	EndGlobalSection
	GlobalSection(ExtensibilityGlobals) = postSolution
		SolutionGuid = {FF48A665-7C66-4FD8-88B6-2BE909B608BE}
	EndGlobalSection
EndGlobal
